
Microsoft Visual Studio Solution File, Format Version 12.00
# Visual Studio Version 16
VisualStudioVersion = 16.0.31129.286
MinimumVisualStudioVersion = 10.0.40219.1
Project("{FAE04EC0-301F-11D3-BF4B-00C04F79EFBC}") = "Twitter", "Twitter\Twitter.csproj", "{8B81B5B9-D49C-4F09-9499-F8E9AA7F2913}"
EndProject
Global
	GlobalSection(SolutionConfigurationPlatforms) = preSolution
		Debug|Any CPU = Debug|Any CPU
		Release|Any CPU = Release|Any CPU
	EndGlobalSection
	GlobalSection(ProjectConfigurationPlatforms) = postSolution
		{8B81B5B9-D49C-4F09-9499-F8E9AA7F2913}.Debug|Any CPU.ActiveCfg = Debug|Any CPU
		{8B81B5B9-D49C-4F09-9499-F8E9AA7F2913}.Debug|Any CPU.Build.0 = Debug|Any CPU
		{8B81B5B9-D49C-4F09-9499-F8E9AA7F2913}.Release|Any CPU.ActiveCfg = Release|Any CPU
		{8B81B5B9-D49C-4F09-9499-F8E9AA7F2913}.Release|Any CPU.Build.0 = Release|Any CPU
	EndGlobalSection
	GlobalSection(SolutionProperties) = preSolution
		HideSolutionNode = FALSE
	EndGlobalSection
	GlobalSection(ExtensibilityGlobals) = postSolution
		SolutionGuid = {E67C6BA0-47E7-4BF2-95C6-C65EA6B05930}
	EndGlobalSection
EndGlobal
